
Microsoft Visual Studio Solution File, Format Version 12.00
# Visual Studio Version 17
VisualStudioVersion = 17.8.34309.116
MinimumVisualStudioVersion = 10.0.40219.1
Project("{FAE04EC0-301F-11D3-BF4B-00C04F79EFBC}") = "TrueWebAPI_0", "TrueWebAPI_0\TrueWebAPI_0.csproj", "{3350E395-05B3-4BEF-995B-B475C6E13F75}"
EndProject
Global
	GlobalSection(SolutionConfigurationPlatforms) = preSolution
		Debug|Any CPU = Debug|Any CPU
		Release|Any CPU = Release|Any CPU
	EndGlobalSection
	GlobalSection(ProjectConfigurationPlatforms) = postSolution
		{3350E395-05B3-4BEF-995B-B475C6E13F75}.Debug|Any CPU.ActiveCfg = Debug|Any CPU
		{3350E395-05B3-4BEF-995B-B475C6E13F75}.Debug|Any CPU.Build.0 = Debug|Any CPU
		{3350E395-05B3-4BEF-995B-B475C6E13F75}.Release|Any CPU.ActiveCfg = Release|Any CPU
		{3350E395-05B3-4BEF-995B-B475C6E13F75}.Release|Any CPU.Build.0 = Release|Any CPU
	EndGlobalSection
	GlobalSection(SolutionProperties) = preSolution
		HideSolutionNode = FALSE
	EndGlobalSection
	GlobalSection(ExtensibilityGlobals) = postSolution
		SolutionGuid = {14CC8EA7-9435-40DE-9733-4BEE34F648AB}
	EndGlobalSection
EndGlobal
